
Microsoft Visual Studio Solution File, Format Version 12.00
Project("{FAE04EC0-301F-11D3-BF4B-00C04F79EFBC}") = "Pokemon-Showdown-Importer", "Pokemon-Showdown-Importer\Pokemon-Showdown-Importer.csproj", "{DBEE6B17-F3D0-43DB-9B0C-2559C54F974C}"
EndProject
Global
	GlobalSection(SolutionConfigurationPlatforms) = preSolution
		Debug|Any CPU = Debug|Any CPU
		Release|Any CPU = Release|Any CPU
	EndGlobalSection
	GlobalSection(ProjectConfigurationPlatforms) = postSolution
		{DBEE6B17-F3D0-43DB-9B0C-2559C54F974C}.Debug|Any CPU.ActiveCfg = Debug|Any CPU
		{DBEE6B17-F3D0-43DB-9B0C-2559C54F974C}.Debug|Any CPU.Build.0 = Debug|Any CPU
		{DBEE6B17-F3D0-43DB-9B0C-2559C54F974C}.Release|Any CPU.ActiveCfg = Release|Any CPU
		{DBEE6B17-F3D0-43DB-9B0C-2559C54F974C}.Release|Any CPU.Build.0 = Release|Any CPU
	EndGlobalSection
EndGlobal
